
Microsoft Visual Studio Solution File, Format Version 12.00
# Visual Studio Version 17
VisualStudioVersion = 17.1.32328.378
MinimumVisualStudioVersion = 10.0.40219.1
Project("{9A19103F-16F7-4668-BE54-9A1E7A4F7556}") = "Demo", "Demo\Demo.csproj", "{0DF32B82-392F-451F-809B-B99C5128EF1A}"
EndProject
Project("{9A19103F-16F7-4668-BE54-9A1E7A4F7556}") = "Core", "Core\Core.csproj", "{82B14C20-BD3A-4F11-8D9D-ABD4D5024C49}"
EndProject
Project("{9A19103F-16F7-4668-BE54-9A1E7A4F7556}") = "GamesService", "GamesService\GamesService.csproj", "{8FD16800-95BE-4E7B-BC13-92183B2FD7F7}"
EndProject
Global
	GlobalSection(SolutionConfigurationPlatforms) = preSolution
		Debug|Any CPU = Debug|Any CPU
		Release|Any CPU = Release|Any CPU
	EndGlobalSection
	GlobalSection(ProjectConfigurationPlatforms) = postSolution
		{0DF32B82-392F-451F-809B-B99C5128EF1A}.Debug|Any CPU.ActiveCfg = Debug|Any CPU
		{0DF32B82-392F-451F-809B-B99C5128EF1A}.Debug|Any CPU.Build.0 = Debug|Any CPU
		{0DF32B82-392F-451F-809B-B99C5128EF1A}.Release|Any CPU.ActiveCfg = Release|Any CPU
		{0DF32B82-392F-451F-809B-B99C5128EF1A}.Release|Any CPU.Build.0 = Release|Any CPU
		{82B14C20-BD3A-4F11-8D9D-ABD4D5024C49}.Debug|Any CPU.ActiveCfg = Debug|Any CPU
		{82B14C20-BD3A-4F11-8D9D-ABD4D5024C49}.Debug|Any CPU.Build.0 = Debug|Any CPU
		{82B14C20-BD3A-4F11-8D9D-ABD4D5024C49}.Release|Any CPU.ActiveCfg = Release|Any CPU
		{82B14C20-BD3A-4F11-8D9D-ABD4D5024C49}.Release|Any CPU.Build.0 = Release|Any CPU
		{8FD16800-95BE-4E7B-BC13-92183B2FD7F7}.Debug|Any CPU.ActiveCfg = Debug|Any CPU
		{8FD16800-95BE-4E7B-BC13-92183B2FD7F7}.Debug|Any CPU.Build.0 = Debug|Any CPU
		{8FD16800-95BE-4E7B-BC13-92183B2FD7F7}.Release|Any CPU.ActiveCfg = Release|Any CPU
		{8FD16800-95BE-4E7B-BC13-92183B2FD7F7}.Release|Any CPU.Build.0 = Release|Any CPU
	EndGlobalSection
	GlobalSection(SolutionProperties) = preSolution
		HideSolutionNode = FALSE
	EndGlobalSection
	GlobalSection(ExtensibilityGlobals) = postSolution
		SolutionGuid = {4AA92239-FFB0-4560-85FE-53C3E1E97172}
	EndGlobalSection
EndGlobal
